
Microsoft Visual Studio Solution File, Format Version 12.00
# Visual Studio Version 17
VisualStudioVersion = 17.1.32414.318
MinimumVisualStudioVersion = 10.0.40219.1
Project("{FAE04EC0-301F-11D3-BF4B-00C04F79EFBC}") = "Exercise project2", "Exercise project2\Exercise project2.csproj", "{BB3C0851-7FBF-45EA-A098-8D6D3FDC9735}"
EndProject
Global
	GlobalSection(SolutionConfigurationPlatforms) = preSolution
		Debug|Any CPU = Debug|Any CPU
		Release|Any CPU = Release|Any CPU
	EndGlobalSection
	GlobalSection(ProjectConfigurationPlatforms) = postSolution
		{BB3C0851-7FBF-45EA-A098-8D6D3FDC9735}.Debug|Any CPU.ActiveCfg = Debug|Any CPU
		{BB3C0851-7FBF-45EA-A098-8D6D3FDC9735}.Debug|Any CPU.Build.0 = Debug|Any CPU
		{BB3C0851-7FBF-45EA-A098-8D6D3FDC9735}.Release|Any CPU.ActiveCfg = Release|Any CPU
		{BB3C0851-7FBF-45EA-A098-8D6D3FDC9735}.Release|Any CPU.Build.0 = Release|Any CPU
	EndGlobalSection
	GlobalSection(SolutionProperties) = preSolution
		HideSolutionNode = FALSE
	EndGlobalSection
	GlobalSection(ExtensibilityGlobals) = postSolution
		SolutionGuid = {26E8E960-B600-4278-AA9D-E41BBB8E2EEE}
	EndGlobalSection
EndGlobal
